
Microsoft Visual Studio Solution File, Format Version 12.00
# Visual Studio 15
VisualStudioVersion = 15.0.28307.1000
MinimumVisualStudioVersion = 10.0.40219.1
Project("{FAE04EC0-301F-11D3-BF4B-00C04F79EFBC}") = "ex2_1", "ex2_1\ex2_1.csproj", "{EB701E8F-7E95-46FE-B739-244ED6B9461A}"
EndProject
Global
	GlobalSection(SolutionConfigurationPlatforms) = preSolution
		Debug|Any CPU = Debug|Any CPU
		Release|Any CPU = Release|Any CPU
	EndGlobalSection
	GlobalSection(ProjectConfigurationPlatforms) = postSolution
		{EB701E8F-7E95-46FE-B739-244ED6B9461A}.Debug|Any CPU.ActiveCfg = Debug|Any CPU
		{EB701E8F-7E95-46FE-B739-244ED6B9461A}.Debug|Any CPU.Build.0 = Debug|Any CPU
		{EB701E8F-7E95-46FE-B739-244ED6B9461A}.Release|Any CPU.ActiveCfg = Release|Any CPU
		{EB701E8F-7E95-46FE-B739-244ED6B9461A}.Release|Any CPU.Build.0 = Release|Any CPU
	EndGlobalSection
	GlobalSection(SolutionProperties) = preSolution
		HideSolutionNode = FALSE
	EndGlobalSection
	GlobalSection(ExtensibilityGlobals) = postSolution
		SolutionGuid = {E7AF12BF-814D-45CC-A900-B35B874CA147}
	EndGlobalSection
EndGlobal
