
Microsoft Visual Studio Solution File, Format Version 12.00
# Visual Studio 15
VisualStudioVersion = 15.0.28307.1000
MinimumVisualStudioVersion = 10.0.40219.1
Project("{FAE04EC0-301F-11D3-BF4B-00C04F79EFBC}") = "ex1_1", "ex1_1\ex1_1.csproj", "{A9369582-6CC1-4C97-9E3F-A62666F6C0E4}"
EndProject
Global
	GlobalSection(SolutionConfigurationPlatforms) = preSolution
		Debug|Any CPU = Debug|Any CPU
		Release|Any CPU = Release|Any CPU
	EndGlobalSection
	GlobalSection(ProjectConfigurationPlatforms) = postSolution
		{A9369582-6CC1-4C97-9E3F-A62666F6C0E4}.Debug|Any CPU.ActiveCfg = Debug|Any CPU
		{A9369582-6CC1-4C97-9E3F-A62666F6C0E4}.Debug|Any CPU.Build.0 = Debug|Any CPU
		{A9369582-6CC1-4C97-9E3F-A62666F6C0E4}.Release|Any CPU.ActiveCfg = Release|Any CPU
		{A9369582-6CC1-4C97-9E3F-A62666F6C0E4}.Release|Any CPU.Build.0 = Release|Any CPU
	EndGlobalSection
	GlobalSection(SolutionProperties) = preSolution
		HideSolutionNode = FALSE
	EndGlobalSection
	GlobalSection(ExtensibilityGlobals) = postSolution
		SolutionGuid = {9DC3B192-86D3-41EB-B95D-4BF048772CCD}
	EndGlobalSection
EndGlobal
