
Microsoft Visual Studio Solution File, Format Version 12.00
# Visual Studio 15
VisualStudioVersion = 15.0.28307.1000
MinimumVisualStudioVersion = 10.0.40219.1
Project("{FAE04EC0-301F-11D3-BF4B-00C04F79EFBC}") = "ex2_2", "ex2_2\ex2_2.csproj", "{AF815B71-518C-4974-93C9-23B0207F17A1}"
EndProject
Global
	GlobalSection(SolutionConfigurationPlatforms) = preSolution
		Debug|Any CPU = Debug|Any CPU
		Release|Any CPU = Release|Any CPU
	EndGlobalSection
	GlobalSection(ProjectConfigurationPlatforms) = postSolution
		{AF815B71-518C-4974-93C9-23B0207F17A1}.Debug|Any CPU.ActiveCfg = Debug|Any CPU
		{AF815B71-518C-4974-93C9-23B0207F17A1}.Debug|Any CPU.Build.0 = Debug|Any CPU
		{AF815B71-518C-4974-93C9-23B0207F17A1}.Release|Any CPU.ActiveCfg = Release|Any CPU
		{AF815B71-518C-4974-93C9-23B0207F17A1}.Release|Any CPU.Build.0 = Release|Any CPU
	EndGlobalSection
	GlobalSection(SolutionProperties) = preSolution
		HideSolutionNode = FALSE
	EndGlobalSection
	GlobalSection(ExtensibilityGlobals) = postSolution
		SolutionGuid = {CFE7D05C-F094-464A-B98D-D8F08CDAC21A}
	EndGlobalSection
EndGlobal
