
Microsoft Visual Studio Solution File, Format Version 12.00
# Visual Studio 15
VisualStudioVersion = 15.0.28307.1000
MinimumVisualStudioVersion = 10.0.40219.1
Project("{FAE04EC0-301F-11D3-BF4B-00C04F79EFBC}") = "ex3_2", "ex3_2\ex3_2.csproj", "{C7043CB5-58B0-400C-A3D0-B786BE89FBDA}"
EndProject
Global
	GlobalSection(SolutionConfigurationPlatforms) = preSolution
		Debug|Any CPU = Debug|Any CPU
		Release|Any CPU = Release|Any CPU
	EndGlobalSection
	GlobalSection(ProjectConfigurationPlatforms) = postSolution
		{C7043CB5-58B0-400C-A3D0-B786BE89FBDA}.Debug|Any CPU.ActiveCfg = Debug|Any CPU
		{C7043CB5-58B0-400C-A3D0-B786BE89FBDA}.Debug|Any CPU.Build.0 = Debug|Any CPU
		{C7043CB5-58B0-400C-A3D0-B786BE89FBDA}.Release|Any CPU.ActiveCfg = Release|Any CPU
		{C7043CB5-58B0-400C-A3D0-B786BE89FBDA}.Release|Any CPU.Build.0 = Release|Any CPU
	EndGlobalSection
	GlobalSection(SolutionProperties) = preSolution
		HideSolutionNode = FALSE
	EndGlobalSection
	GlobalSection(ExtensibilityGlobals) = postSolution
		SolutionGuid = {A0B02C6A-7BAB-44B3-AC6A-B4DBA75911EB}
	EndGlobalSection
EndGlobal
