
Microsoft Visual Studio Solution File, Format Version 12.00
# Visual Studio 15
VisualStudioVersion = 15.0.28307.1000
MinimumVisualStudioVersion = 10.0.40219.1
Project("{FAE04EC0-301F-11D3-BF4B-00C04F79EFBC}") = "ex1_1", "ex1_1\ex1_1.csproj", "{E4CDEFE0-7DAA-44C6-86D1-01A160E32A8F}"
EndProject
Global
	GlobalSection(SolutionConfigurationPlatforms) = preSolution
		Debug|Any CPU = Debug|Any CPU
		Release|Any CPU = Release|Any CPU
	EndGlobalSection
	GlobalSection(ProjectConfigurationPlatforms) = postSolution
		{E4CDEFE0-7DAA-44C6-86D1-01A160E32A8F}.Debug|Any CPU.ActiveCfg = Debug|Any CPU
		{E4CDEFE0-7DAA-44C6-86D1-01A160E32A8F}.Debug|Any CPU.Build.0 = Debug|Any CPU
		{E4CDEFE0-7DAA-44C6-86D1-01A160E32A8F}.Release|Any CPU.ActiveCfg = Release|Any CPU
		{E4CDEFE0-7DAA-44C6-86D1-01A160E32A8F}.Release|Any CPU.Build.0 = Release|Any CPU
	EndGlobalSection
	GlobalSection(SolutionProperties) = preSolution
		HideSolutionNode = FALSE
	EndGlobalSection
	GlobalSection(ExtensibilityGlobals) = postSolution
		SolutionGuid = {9BD33B12-B244-49C8-8178-2C59000597E0}
	EndGlobalSection
EndGlobal
