
Microsoft Visual Studio Solution File, Format Version 12.00
# Visual Studio 15
VisualStudioVersion = 15.0.28307.1000
MinimumVisualStudioVersion = 10.0.40219.1
Project("{FAE04EC0-301F-11D3-BF4B-00C04F79EFBC}") = "ex1_1", "ex1_1\ex1_1.csproj", "{0DEC978B-0DF7-4BF5-A135-FDDC6ED02F81}"
EndProject
Global
	GlobalSection(SolutionConfigurationPlatforms) = preSolution
		Debug|Any CPU = Debug|Any CPU
		Release|Any CPU = Release|Any CPU
	EndGlobalSection
	GlobalSection(ProjectConfigurationPlatforms) = postSolution
		{0DEC978B-0DF7-4BF5-A135-FDDC6ED02F81}.Debug|Any CPU.ActiveCfg = Debug|Any CPU
		{0DEC978B-0DF7-4BF5-A135-FDDC6ED02F81}.Debug|Any CPU.Build.0 = Debug|Any CPU
		{0DEC978B-0DF7-4BF5-A135-FDDC6ED02F81}.Release|Any CPU.ActiveCfg = Release|Any CPU
		{0DEC978B-0DF7-4BF5-A135-FDDC6ED02F81}.Release|Any CPU.Build.0 = Release|Any CPU
	EndGlobalSection
	GlobalSection(SolutionProperties) = preSolution
		HideSolutionNode = FALSE
	EndGlobalSection
	GlobalSection(ExtensibilityGlobals) = postSolution
		SolutionGuid = {FAF4194E-DB40-48E9-A221-A81B1A217F2E}
	EndGlobalSection
EndGlobal
