
Microsoft Visual Studio Solution File, Format Version 12.00
# Visual Studio 15
VisualStudioVersion = 15.0.28307.1000
MinimumVisualStudioVersion = 10.0.40219.1
Project("{FAE04EC0-301F-11D3-BF4B-00C04F79EFBC}") = "ex1_2", "ex1_2\ex1_2.csproj", "{0C312AA2-C565-4BEF-B488-382B6E2FDE04}"
EndProject
Global
	GlobalSection(SolutionConfigurationPlatforms) = preSolution
		Debug|Any CPU = Debug|Any CPU
		Release|Any CPU = Release|Any CPU
	EndGlobalSection
	GlobalSection(ProjectConfigurationPlatforms) = postSolution
		{0C312AA2-C565-4BEF-B488-382B6E2FDE04}.Debug|Any CPU.ActiveCfg = Debug|Any CPU
		{0C312AA2-C565-4BEF-B488-382B6E2FDE04}.Debug|Any CPU.Build.0 = Debug|Any CPU
		{0C312AA2-C565-4BEF-B488-382B6E2FDE04}.Release|Any CPU.ActiveCfg = Release|Any CPU
		{0C312AA2-C565-4BEF-B488-382B6E2FDE04}.Release|Any CPU.Build.0 = Release|Any CPU
	EndGlobalSection
	GlobalSection(SolutionProperties) = preSolution
		HideSolutionNode = FALSE
	EndGlobalSection
	GlobalSection(ExtensibilityGlobals) = postSolution
		SolutionGuid = {028143EE-3967-429B-B439-8D03D668340B}
	EndGlobalSection
EndGlobal
