
Microsoft Visual Studio Solution File, Format Version 12.00
# Visual Studio 15
VisualStudioVersion = 15.0.28307.1000
MinimumVisualStudioVersion = 10.0.40219.1
Project("{FAE04EC0-301F-11D3-BF4B-00C04F79EFBC}") = "ex1_2", "ex1_2\ex1_2.csproj", "{403612EE-94E5-4FD2-BF0D-5D31D3A33424}"
EndProject
Global
	GlobalSection(SolutionConfigurationPlatforms) = preSolution
		Debug|Any CPU = Debug|Any CPU
		Release|Any CPU = Release|Any CPU
	EndGlobalSection
	GlobalSection(ProjectConfigurationPlatforms) = postSolution
		{403612EE-94E5-4FD2-BF0D-5D31D3A33424}.Debug|Any CPU.ActiveCfg = Debug|Any CPU
		{403612EE-94E5-4FD2-BF0D-5D31D3A33424}.Debug|Any CPU.Build.0 = Debug|Any CPU
		{403612EE-94E5-4FD2-BF0D-5D31D3A33424}.Release|Any CPU.ActiveCfg = Release|Any CPU
		{403612EE-94E5-4FD2-BF0D-5D31D3A33424}.Release|Any CPU.Build.0 = Release|Any CPU
	EndGlobalSection
	GlobalSection(SolutionProperties) = preSolution
		HideSolutionNode = FALSE
	EndGlobalSection
	GlobalSection(ExtensibilityGlobals) = postSolution
		SolutionGuid = {ED27124E-B86E-4FD7-B481-4FA6399AD4F2}
	EndGlobalSection
EndGlobal
