
Microsoft Visual Studio Solution File, Format Version 12.00
# Visual Studio 15
VisualStudioVersion = 15.0.28307.1000
MinimumVisualStudioVersion = 10.0.40219.1
Project("{FAE04EC0-301F-11D3-BF4B-00C04F79EFBC}") = "ex1_2", "ex1_2\ex1_2.csproj", "{DDC0D48F-B43E-4F85-B211-87C09C5086CA}"
EndProject
Global
	GlobalSection(SolutionConfigurationPlatforms) = preSolution
		Debug|Any CPU = Debug|Any CPU
		Release|Any CPU = Release|Any CPU
	EndGlobalSection
	GlobalSection(ProjectConfigurationPlatforms) = postSolution
		{DDC0D48F-B43E-4F85-B211-87C09C5086CA}.Debug|Any CPU.ActiveCfg = Debug|Any CPU
		{DDC0D48F-B43E-4F85-B211-87C09C5086CA}.Debug|Any CPU.Build.0 = Debug|Any CPU
		{DDC0D48F-B43E-4F85-B211-87C09C5086CA}.Release|Any CPU.ActiveCfg = Release|Any CPU
		{DDC0D48F-B43E-4F85-B211-87C09C5086CA}.Release|Any CPU.Build.0 = Release|Any CPU
	EndGlobalSection
	GlobalSection(SolutionProperties) = preSolution
		HideSolutionNode = FALSE
	EndGlobalSection
	GlobalSection(ExtensibilityGlobals) = postSolution
		SolutionGuid = {0901AEB7-0417-4C16-80A4-6C7C5908B565}
	EndGlobalSection
EndGlobal
