
Microsoft Visual Studio Solution File, Format Version 12.00
# Visual Studio 15
VisualStudioVersion = 15.0.28307.1000
MinimumVisualStudioVersion = 10.0.40219.1
Project("{FAE04EC0-301F-11D3-BF4B-00C04F79EFBC}") = "ex1_2", "ex1_2\ex1_2.csproj", "{A4770C07-7B3B-4277-B13F-356DA8F6664A}"
EndProject
Global
	GlobalSection(SolutionConfigurationPlatforms) = preSolution
		Debug|Any CPU = Debug|Any CPU
		Release|Any CPU = Release|Any CPU
	EndGlobalSection
	GlobalSection(ProjectConfigurationPlatforms) = postSolution
		{A4770C07-7B3B-4277-B13F-356DA8F6664A}.Debug|Any CPU.ActiveCfg = Debug|Any CPU
		{A4770C07-7B3B-4277-B13F-356DA8F6664A}.Debug|Any CPU.Build.0 = Debug|Any CPU
		{A4770C07-7B3B-4277-B13F-356DA8F6664A}.Release|Any CPU.ActiveCfg = Release|Any CPU
		{A4770C07-7B3B-4277-B13F-356DA8F6664A}.Release|Any CPU.Build.0 = Release|Any CPU
	EndGlobalSection
	GlobalSection(SolutionProperties) = preSolution
		HideSolutionNode = FALSE
	EndGlobalSection
	GlobalSection(ExtensibilityGlobals) = postSolution
		SolutionGuid = {83A79112-28BB-4AD9-B067-63DFB4D453DA}
	EndGlobalSection
EndGlobal
