
Microsoft Visual Studio Solution File, Format Version 12.00
# Visual Studio 15
VisualStudioVersion = 15.0.28307.1000
MinimumVisualStudioVersion = 10.0.40219.1
Project("{FAE04EC0-301F-11D3-BF4B-00C04F79EFBC}") = "ex1_1", "ex1_1\ex1_1.csproj", "{C2E00E0A-8DC4-47F6-922C-6461B3D66394}"
EndProject
Global
	GlobalSection(SolutionConfigurationPlatforms) = preSolution
		Debug|Any CPU = Debug|Any CPU
		Release|Any CPU = Release|Any CPU
	EndGlobalSection
	GlobalSection(ProjectConfigurationPlatforms) = postSolution
		{C2E00E0A-8DC4-47F6-922C-6461B3D66394}.Debug|Any CPU.ActiveCfg = Debug|Any CPU
		{C2E00E0A-8DC4-47F6-922C-6461B3D66394}.Debug|Any CPU.Build.0 = Debug|Any CPU
		{C2E00E0A-8DC4-47F6-922C-6461B3D66394}.Release|Any CPU.ActiveCfg = Release|Any CPU
		{C2E00E0A-8DC4-47F6-922C-6461B3D66394}.Release|Any CPU.Build.0 = Release|Any CPU
	EndGlobalSection
	GlobalSection(SolutionProperties) = preSolution
		HideSolutionNode = FALSE
	EndGlobalSection
	GlobalSection(ExtensibilityGlobals) = postSolution
		SolutionGuid = {7930263F-7874-4E14-BA79-D192EBD888E8}
	EndGlobalSection
EndGlobal
