
Microsoft Visual Studio Solution File, Format Version 12.00
# Visual Studio 15
VisualStudioVersion = 15.0.28307.1000
MinimumVisualStudioVersion = 10.0.40219.1
Project("{FAE04EC0-301F-11D3-BF4B-00C04F79EFBC}") = "ex2_1", "ex2_1\ex2_1.csproj", "{5F7A4030-99BF-4BAF-97FF-DD1CF6EDE3D3}"
EndProject
Global
	GlobalSection(SolutionConfigurationPlatforms) = preSolution
		Debug|Any CPU = Debug|Any CPU
		Release|Any CPU = Release|Any CPU
	EndGlobalSection
	GlobalSection(ProjectConfigurationPlatforms) = postSolution
		{5F7A4030-99BF-4BAF-97FF-DD1CF6EDE3D3}.Debug|Any CPU.ActiveCfg = Debug|Any CPU
		{5F7A4030-99BF-4BAF-97FF-DD1CF6EDE3D3}.Debug|Any CPU.Build.0 = Debug|Any CPU
		{5F7A4030-99BF-4BAF-97FF-DD1CF6EDE3D3}.Release|Any CPU.ActiveCfg = Release|Any CPU
		{5F7A4030-99BF-4BAF-97FF-DD1CF6EDE3D3}.Release|Any CPU.Build.0 = Release|Any CPU
	EndGlobalSection
	GlobalSection(SolutionProperties) = preSolution
		HideSolutionNode = FALSE
	EndGlobalSection
	GlobalSection(ExtensibilityGlobals) = postSolution
		SolutionGuid = {94766D8F-7E4A-4697-A8D2-40A525A74073}
	EndGlobalSection
EndGlobal
