
Microsoft Visual Studio Solution File, Format Version 12.00
# Visual Studio 15
VisualStudioVersion = 15.0.28307.1000
MinimumVisualStudioVersion = 10.0.40219.1
Project("{FAE04EC0-301F-11D3-BF4B-00C04F79EFBC}") = "ex3_2", "ex3_2\ex3_2.csproj", "{2441C49E-7B7B-4274-BB1D-F9E938464917}"
EndProject
Global
	GlobalSection(SolutionConfigurationPlatforms) = preSolution
		Debug|Any CPU = Debug|Any CPU
		Release|Any CPU = Release|Any CPU
	EndGlobalSection
	GlobalSection(ProjectConfigurationPlatforms) = postSolution
		{2441C49E-7B7B-4274-BB1D-F9E938464917}.Debug|Any CPU.ActiveCfg = Debug|Any CPU
		{2441C49E-7B7B-4274-BB1D-F9E938464917}.Debug|Any CPU.Build.0 = Debug|Any CPU
		{2441C49E-7B7B-4274-BB1D-F9E938464917}.Release|Any CPU.ActiveCfg = Release|Any CPU
		{2441C49E-7B7B-4274-BB1D-F9E938464917}.Release|Any CPU.Build.0 = Release|Any CPU
	EndGlobalSection
	GlobalSection(SolutionProperties) = preSolution
		HideSolutionNode = FALSE
	EndGlobalSection
	GlobalSection(ExtensibilityGlobals) = postSolution
		SolutionGuid = {5FC3DF32-3ECA-4AF7-A2B2-715E2B1BD823}
	EndGlobalSection
EndGlobal
